
Microsoft Visual Studio Solution File, Format Version 12.00
# Visual Studio Version 16
VisualStudioVersion = 16.0.31019.35
MinimumVisualStudioVersion = 15.0.26124.0
Project("{9A19103F-16F7-4668-BE54-9A1E7A4F7556}") = "RC.MongoDBApi", "RC.MongoDBApi\RC.MongoDBApi.csproj", "{DD0D5D1B-F25F-4B14-9C33-8BFDBB286958}"
EndProject
Global
	GlobalSection(SolutionConfigurationPlatforms) = preSolution
		Debug|Any CPU = Debug|Any CPU
		Debug|x64 = Debug|x64
		Debug|x86 = Debug|x86
		Release|Any CPU = Release|Any CPU
		Release|x64 = Release|x64
		Release|x86 = Release|x86
	EndGlobalSection
	GlobalSection(ProjectConfigurationPlatforms) = postSolution
		{DD0D5D1B-F25F-4B14-9C33-8BFDBB286958}.Debug|Any CPU.ActiveCfg = Debug|Any CPU
		{DD0D5D1B-F25F-4B14-9C33-8BFDBB286958}.Debug|Any CPU.Build.0 = Debug|Any CPU
		{DD0D5D1B-F25F-4B14-9C33-8BFDBB286958}.Debug|x64.ActiveCfg = Debug|Any CPU
		{DD0D5D1B-F25F-4B14-9C33-8BFDBB286958}.Debug|x64.Build.0 = Debug|Any CPU
		{DD0D5D1B-F25F-4B14-9C33-8BFDBB286958}.Debug|x86.ActiveCfg = Debug|Any CPU
		{DD0D5D1B-F25F-4B14-9C33-8BFDBB286958}.Debug|x86.Build.0 = Debug|Any CPU
		{DD0D5D1B-F25F-4B14-9C33-8BFDBB286958}.Release|Any CPU.ActiveCfg = Release|Any CPU
		{DD0D5D1B-F25F-4B14-9C33-8BFDBB286958}.Release|Any CPU.Build.0 = Release|Any CPU
		{DD0D5D1B-F25F-4B14-9C33-8BFDBB286958}.Release|x64.ActiveCfg = Release|Any CPU
		{DD0D5D1B-F25F-4B14-9C33-8BFDBB286958}.Release|x64.Build.0 = Release|Any CPU
		{DD0D5D1B-F25F-4B14-9C33-8BFDBB286958}.Release|x86.ActiveCfg = Release|Any CPU
		{DD0D5D1B-F25F-4B14-9C33-8BFDBB286958}.Release|x86.Build.0 = Release|Any CPU
	EndGlobalSection
	GlobalSection(SolutionProperties) = preSolution
		HideSolutionNode = FALSE
	EndGlobalSection
	GlobalSection(ExtensibilityGlobals) = postSolution
		SolutionGuid = {0B8FB2F6-9273-42E3-95B7-475D25230728}
	EndGlobalSection
EndGlobal
